
Microsoft Visual Studio Solution File, Format Version 12.00
# Visual Studio Version 16
VisualStudioVersion = 16.0.30907.101
MinimumVisualStudioVersion = 10.0.40219.1
Project("{FAE04EC0-301F-11D3-BF4B-00C04F79EFBC}") = "MyDictionary", "MyDictionary\MyDictionary.csproj", "{8C1B8E63-AB49-48D6-B5A5-EE416BC830F9}"
EndProject
Global
	GlobalSection(SolutionConfigurationPlatforms) = preSolution
		Debug|Any CPU = Debug|Any CPU
		Release|Any CPU = Release|Any CPU
	EndGlobalSection
	GlobalSection(ProjectConfigurationPlatforms) = postSolution
		{8C1B8E63-AB49-48D6-B5A5-EE416BC830F9}.Debug|Any CPU.ActiveCfg = Debug|Any CPU
		{8C1B8E63-AB49-48D6-B5A5-EE416BC830F9}.Debug|Any CPU.Build.0 = Debug|Any CPU
		{8C1B8E63-AB49-48D6-B5A5-EE416BC830F9}.Release|Any CPU.ActiveCfg = Release|Any CPU
		{8C1B8E63-AB49-48D6-B5A5-EE416BC830F9}.Release|Any CPU.Build.0 = Release|Any CPU
	EndGlobalSection
	GlobalSection(SolutionProperties) = preSolution
		HideSolutionNode = FALSE
	EndGlobalSection
	GlobalSection(ExtensibilityGlobals) = postSolution
		SolutionGuid = {476252DC-E4F3-453F-BF88-D6D8FC84392B}
	EndGlobalSection
EndGlobal
